
Microsoft Visual Studio Solution File, Format Version 12.00
# Visual Studio Version 16
VisualStudioVersion = 16.0.28803.202
MinimumVisualStudioVersion = 10.0.40219.1
Project("{FAE04EC0-301F-11D3-BF4B-00C04F79EFBC}") = "HelloWorld", "HelloWorld\HelloWorld.csproj", "{9EA55C1C-961C-4595-8BF3-93F30C1FA47A}"
EndProject
Global
	GlobalSection(SolutionConfigurationPlatforms) = preSolution
		Debug|Any CPU = Debug|Any CPU
		Release|Any CPU = Release|Any CPU
	EndGlobalSection
	GlobalSection(ProjectConfigurationPlatforms) = postSolution
		{9EA55C1C-961C-4595-8BF3-93F30C1FA47A}.Debug|Any CPU.ActiveCfg = Debug|Any CPU
		{9EA55C1C-961C-4595-8BF3-93F30C1FA47A}.Debug|Any CPU.Build.0 = Debug|Any CPU
		{9EA55C1C-961C-4595-8BF3-93F30C1FA47A}.Release|Any CPU.ActiveCfg = Release|Any CPU
		{9EA55C1C-961C-4595-8BF3-93F30C1FA47A}.Release|Any CPU.Build.0 = Release|Any CPU
	EndGlobalSection
	GlobalSection(SolutionProperties) = preSolution
		HideSolutionNode = FALSE
	EndGlobalSection
	GlobalSection(ExtensibilityGlobals) = postSolution
		SolutionGuid = {D6829C3D-D5BF-4022-9553-1D2026D4F99C}
	EndGlobalSection
EndGlobal
